
Microsoft Visual Studio Solution File, Format Version 12.00
# Visual Studio 15
VisualStudioVersion = 15.0.26403.7
MinimumVisualStudioVersion = 10.0.40219.1
Project("{9A19103F-16F7-4668-BE54-9A1E7A4F7556}") = "DnsClient.Tests", "DnsClient.Tests\DnsClient.Tests.csproj", "{01902674-53A3-4E81-B08F-CFAA7CA62F56}"
EndProject
Project("{9A19103F-16F7-4668-BE54-9A1E7A4F7556}") = "DnsClient", "DnsClient\DnsClient.csproj", "{493E6161-7F71-4A59-AB28-B4A5E45A5E27}"
EndProject
Global
	GlobalSection(Performance) = preSolution
		HasPerformanceSessions = true
	EndGlobalSection
	GlobalSection(SolutionConfigurationPlatforms) = preSolution
		Debug|Any CPU = Debug|Any CPU
		Release|Any CPU = Release|Any CPU
	EndGlobalSection
	GlobalSection(ProjectConfigurationPlatforms) = postSolution
		{01902674-53A3-4E81-B08F-CFAA7CA62F56}.Debug|Any CPU.ActiveCfg = Debug|Any CPU
		{01902674-53A3-4E81-B08F-CFAA7CA62F56}.Debug|Any CPU.Build.0 = Debug|Any CPU
		{01902674-53A3-4E81-B08F-CFAA7CA62F56}.Release|Any CPU.ActiveCfg = Release|Any CPU
		{01902674-53A3-4E81-B08F-CFAA7CA62F56}.Release|Any CPU.Build.0 = Release|Any CPU
		{493E6161-7F71-4A59-AB28-B4A5E45A5E27}.Debug|Any CPU.ActiveCfg = Debug|Any CPU
		{493E6161-7F71-4A59-AB28-B4A5E45A5E27}.Debug|Any CPU.Build.0 = Debug|Any CPU
		{493E6161-7F71-4A59-AB28-B4A5E45A5E27}.Release|Any CPU.ActiveCfg = Release|Any CPU
		{493E6161-7F71-4A59-AB28-B4A5E45A5E27}.Release|Any CPU.Build.0 = Release|Any CPU
	EndGlobalSection
	GlobalSection(SolutionProperties) = preSolution
		HideSolutionNode = FALSE
	EndGlobalSection
	GlobalSection(NestedProjects) = preSolution
		{2F789CAA-31E5-4394-96B9-1B06A1AA5EA0} = {34E43CED-3DF4-49CE-8556-69225ABD84E6}
		{7461E2C7-008E-4E61-ABC3-AF85DE37084B} = {34E43CED-3DF4-49CE-8556-69225ABD84E6}
		{8422A76D-CC40-4B4B-AA03-C17C3D86A073} = {34E43CED-3DF4-49CE-8556-69225ABD84E6}
		{58173158-2B2D-4C26-A666-495641477066} = {34E43CED-3DF4-49CE-8556-69225ABD84E6}
	EndGlobalSection
	GlobalSection(Performance) = preSolution
		HasPerformanceSessions = true
	EndGlobalSection
EndGlobal
